// !$*UTF8*$!
{
	archiveVersion = 1;
	classes = {
	};
	objectVersion = 45;
	objects = {

/* Begin PBXBuildFile section */
		1DDD58160DA1D0A300B32029 /* MainMenu.xib in Resources */ = {isa = PBXBuildFile; fileRef = 1DDD58140DA1D0A300B32029 /* MainMenu.xib */; };
		256AC3DA0F4B6AC300CF3369 /* GoogleReaderAPITestAppDelegate.m in Sources */ = {isa = PBXBuildFile; fileRef = 256AC3D90F4B6AC300CF3369 /* GoogleReaderAPITestAppDelegate.m */; };
		8D11072B0486CEB800E47090 /* InfoPlist.strings in Resources */ = {isa = PBXBuildFile; fileRef = 089C165CFE840E0CC02AAC07 /* InfoPlist.strings */; };
		8D11072D0486CEB800E47090 /* main.m in Sources */ = {isa = PBXBuildFile; fileRef = 29B97316FDCFA39411CA2CEA /* main.m */; settings = {ATTRIBUTES = (); }; };
		8D11072F0486CEB800E47090 /* Cocoa.framework in Frameworks */ = {isa = PBXBuildFile; fileRef = 1058C7A1FEA54F0111CA2CBB /* Cocoa.framework */; };
		C0A58DB613019083005AF4BE /* BSCallbackOperation.m in Sources */ = {isa = PBXBuildFile; fileRef = C0A58DB213019083005AF4BE /* BSCallbackOperation.m */; };
		C0A58DB713019083005AF4BE /* BSOperation.m in Sources */ = {isa = PBXBuildFile; fileRef = C0A58DB413019083005AF4BE /* BSOperation.m */; };
		C0A58DBE13019108005AF4BE /* BSErrors.m in Sources */ = {isa = PBXBuildFile; fileRef = C0A58DBC13019108005AF4BE /* BSErrors.m */; };
		C0A58F7713019518005AF4BE /* libASIHTTPRequest-Mac.a in Frameworks */ = {isa = PBXBuildFile; fileRef = C0A58F7613019513005AF4BE /* libASIHTTPRequest-Mac.a */; };
		C0A58FFA130197B6005AF4BE /* libTouchJSON-Mac.a in Frameworks */ = {isa = PBXBuildFile; fileRef = C0A58FE71301971A005AF4BE /* libTouchJSON-Mac.a */; };
		C0A5901113019983005AF4BE /* BSGoogleReaderListSubscriptionsOperation.m in Sources */ = {isa = PBXBuildFile; fileRef = C0A5901013019983005AF4BE /* BSGoogleReaderListSubscriptionsOperation.m */; };
		C0A5902A13019E85005AF4BE /* SystemConfiguration.framework in Frameworks */ = {isa = PBXBuildFile; fileRef = C0A5902913019E85005AF4BE /* SystemConfiguration.framework */; };
		C0A5902C13019E85005AF4BE /* libz.dylib in Frameworks */ = {isa = PBXBuildFile; fileRef = C0A5902B13019E85005AF4BE /* libz.dylib */; };
/* End PBXBuildFile section */

/* Begin PBXContainerItemProxy section */
		C0A58F7113019513005AF4BE /* PBXContainerItemProxy */ = {
			isa = PBXContainerItemProxy;
			containerPortal = C0A58F6713019513005AF4BE /* Mac.xcodeproj */;
			proxyType = 2;
			remoteGlobalIDString = 8D1107320486CEB800E47090;
			remoteInfo = Mac;
		};
		C0A58F7313019513005AF4BE /* PBXContainerItemProxy */ = {
			isa = PBXContainerItemProxy;
			containerPortal = C0A58F6713019513005AF4BE /* Mac.xcodeproj */;
			proxyType = 2;
			remoteGlobalIDString = B55B5EDF0F7658C70064029C;
			remoteInfo = "Unit Tests (GHUnit)";
		};
		C0A58F7513019513005AF4BE /* PBXContainerItemProxy */ = {
			isa = PBXContainerItemProxy;
			containerPortal = C0A58F6713019513005AF4BE /* Mac.xcodeproj */;
			proxyType = 2;
			remoteGlobalIDString = C0A58DDD130193FE005AF4BE;
			remoteInfo = "ASIHTTPRequest-Mac";
		};
		C0A58F7A1301952C005AF4BE /* PBXContainerItemProxy */ = {
			isa = PBXContainerItemProxy;
			containerPortal = C0A58F6713019513005AF4BE /* Mac.xcodeproj */;
			proxyType = 1;
			remoteGlobalIDString = C0A58DDC130193FD005AF4BE;
			remoteInfo = "ASIHTTPRequest-Mac";
		};
		C0A58FE21301971A005AF4BE /* PBXContainerItemProxy */ = {
			isa = PBXContainerItemProxy;
			containerPortal = C0A58FD81301971A005AF4BE /* TouchJSON.xcodeproj */;
			proxyType = 2;
			remoteGlobalIDString = 45B15E110947D97B00AE66EB;
			remoteInfo = UnitTests;
		};
		C0A58FE41301971A005AF4BE /* PBXContainerItemProxy */ = {
			isa = PBXContainerItemProxy;
			containerPortal = C0A58FD81301971A005AF4BE /* TouchJSON.xcodeproj */;
			proxyType = 2;
			remoteGlobalIDString = 453111B10A64EDBB00A970C2;
			remoteInfo = Demo;
		};
		C0A58FE61301971A005AF4BE /* PBXContainerItemProxy */ = {
			isa = PBXContainerItemProxy;
			containerPortal = C0A58FD81301971A005AF4BE /* TouchJSON.xcodeproj */;
			proxyType = 2;
			remoteGlobalIDString = C0A58FBA130196B1005AF4BE;
			remoteInfo = "TouchJSON-Mac";
		};
		C0A58FFB130197BD005AF4BE /* PBXContainerItemProxy */ = {
			isa = PBXContainerItemProxy;
			containerPortal = C0A58FD81301971A005AF4BE /* TouchJSON.xcodeproj */;
			proxyType = 1;
			remoteGlobalIDString = C0A58FB9130196B1005AF4BE;
			remoteInfo = "TouchJSON-Mac";
		};
/* End PBXContainerItemProxy section */

/* Begin PBXFileReference section */
		089C165DFE840E0CC02AAC07 /* English */ = {isa = PBXFileReference; fileEncoding = 4; lastKnownFileType = text.plist.strings; name = English; path = English.lproj/InfoPlist.strings; sourceTree = "<group>"; };
		1058C7A1FEA54F0111CA2CBB /* Cocoa.framework */ = {isa = PBXFileReference; lastKnownFileType = wrapper.framework; name = Cocoa.framework; path = /System/Library/Frameworks/Cocoa.framework; sourceTree = "<absolute>"; };
		13E42FB307B3F0F600E4EEF1 /* CoreData.framework */ = {isa = PBXFileReference; lastKnownFileType = wrapper.framework; name = CoreData.framework; path = /System/Library/Frameworks/CoreData.framework; sourceTree = "<absolute>"; };
		1DDD58150DA1D0A300B32029 /* English */ = {isa = PBXFileReference; lastKnownFileType = file.xib; name = English; path = English.lproj/MainMenu.xib; sourceTree = "<group>"; };
		256AC3D80F4B6AC300CF3369 /* GoogleReaderAPITestAppDelegate.h */ = {isa = PBXFileReference; fileEncoding = 4; lastKnownFileType = sourcecode.c.h; path = GoogleReaderAPITestAppDelegate.h; sourceTree = "<group>"; };
		256AC3D90F4B6AC300CF3369 /* GoogleReaderAPITestAppDelegate.m */ = {isa = PBXFileReference; fileEncoding = 4; lastKnownFileType = sourcecode.c.objc; path = GoogleReaderAPITestAppDelegate.m; sourceTree = "<group>"; };
		256AC3F00F4B6AF500CF3369 /* GoogleReaderAPITest_Prefix.pch */ = {isa = PBXFileReference; fileEncoding = 4; lastKnownFileType = sourcecode.c.h; path = GoogleReaderAPITest_Prefix.pch; sourceTree = "<group>"; };
		29B97316FDCFA39411CA2CEA /* main.m */ = {isa = PBXFileReference; fileEncoding = 4; lastKnownFileType = sourcecode.c.objc; path = main.m; sourceTree = "<group>"; };
		29B97324FDCFA39411CA2CEA /* AppKit.framework */ = {isa = PBXFileReference; lastKnownFileType = wrapper.framework; name = AppKit.framework; path = /System/Library/Frameworks/AppKit.framework; sourceTree = "<absolute>"; };
		29B97325FDCFA39411CA2CEA /* Foundation.framework */ = {isa = PBXFileReference; lastKnownFileType = wrapper.framework; name = Foundation.framework; path = /System/Library/Frameworks/Foundation.framework; sourceTree = "<absolute>"; };
		8D1107310486CEB800E47090 /* GoogleReaderAPITest-Info.plist */ = {isa = PBXFileReference; fileEncoding = 4; lastKnownFileType = text.plist.xml; path = "GoogleReaderAPITest-Info.plist"; sourceTree = "<group>"; };
		8D1107320486CEB800E47090 /* GoogleReaderAPITest.app */ = {isa = PBXFileReference; explicitFileType = wrapper.application; includeInIndex = 0; path = GoogleReaderAPITest.app; sourceTree = BUILT_PRODUCTS_DIR; };
		C0A58DB113019083005AF4BE /* BSCallbackOperation.h */ = {isa = PBXFileReference; fileEncoding = 4; lastKnownFileType = sourcecode.c.h; path = BSCallbackOperation.h; sourceTree = "<group>"; };
		C0A58DB213019083005AF4BE /* BSCallbackOperation.m */ = {isa = PBXFileReference; fileEncoding = 4; lastKnownFileType = sourcecode.c.objc; path = BSCallbackOperation.m; sourceTree = "<group>"; };
		C0A58DB313019083005AF4BE /* BSOperation.h */ = {isa = PBXFileReference; fileEncoding = 4; lastKnownFileType = sourcecode.c.h; path = BSOperation.h; sourceTree = "<group>"; };
		C0A58DB413019083005AF4BE /* BSOperation.m */ = {isa = PBXFileReference; fileEncoding = 4; lastKnownFileType = sourcecode.c.objc; path = BSOperation.m; sourceTree = "<group>"; };
		C0A58DB513019083005AF4BE /* FoundationAdditionsMacros.h */ = {isa = PBXFileReference; fileEncoding = 4; lastKnownFileType = sourcecode.c.h; path = FoundationAdditionsMacros.h; sourceTree = "<group>"; };
		C0A58DBC13019108005AF4BE /* BSErrors.m */ = {isa = PBXFileReference; fileEncoding = 4; lastKnownFileType = sourcecode.c.objc; path = BSErrors.m; sourceTree = "<group>"; };
		C0A58DBD13019108005AF4BE /* BSErrors.h */ = {isa = PBXFileReference; fileEncoding = 4; lastKnownFileType = sourcecode.c.h; path = BSErrors.h; sourceTree = "<group>"; };
		C0A58F6713019513005AF4BE /* Mac.xcodeproj */ = {isa = PBXFileReference; lastKnownFileType = "wrapper.pb-project"; name = Mac.xcodeproj; path = "pokeb-asi-http-request-63061ac/Mac.xcodeproj"; sourceTree = "<group>"; };
		C0A58FD81301971A005AF4BE /* TouchJSON.xcodeproj */ = {isa = PBXFileReference; lastKnownFileType = "wrapper.pb-project"; name = TouchJSON.xcodeproj; path = "TouchCode-TouchJSON-8dd264d/Support/TouchJSON.xcodeproj"; sourceTree = "<group>"; };
		C0A5900F13019983005AF4BE /* BSGoogleReaderListSubscriptionsOperation.h */ = {isa = PBXFileReference; fileEncoding = 4; lastKnownFileType = sourcecode.c.h; path = BSGoogleReaderListSubscriptionsOperation.h; sourceTree = "<group>"; };
		C0A5901013019983005AF4BE /* BSGoogleReaderListSubscriptionsOperation.m */ = {isa = PBXFileReference; fileEncoding = 4; lastKnownFileType = sourcecode.c.objc; path = BSGoogleReaderListSubscriptionsOperation.m; sourceTree = "<group>"; };
		C0A5901B13019BF9005AF4BE /* ASIHTTPRequest.h */ = {isa = PBXFileReference; fileEncoding = 4; lastKnownFileType = sourcecode.c.h; name = ASIHTTPRequest.h; path = "pokeb-asi-http-request-63061ac/Classes/ASIHTTPRequest.h"; sourceTree = "<group>"; };
		C0A5902613019E1D005AF4BE /* ASIFormDataRequest.h */ = {isa = PBXFileReference; fileEncoding = 4; lastKnownFileType = sourcecode.c.h; name = ASIFormDataRequest.h; path = "pokeb-asi-http-request-63061ac/Classes/ASIFormDataRequest.h"; sourceTree = "<group>"; };
		C0A5902913019E85005AF4BE /* SystemConfiguration.framework */ = {isa = PBXFileReference; lastKnownFileType = wrapper.framework; name = SystemConfiguration.framework; path = System/Library/Frameworks/SystemConfiguration.framework; sourceTree = SDKROOT; };
		C0A5902B13019E85005AF4BE /* libz.dylib */ = {isa = PBXFileReference; lastKnownFileType = "compiled.mach-o.dylib"; name = libz.dylib; path = usr/lib/libz.dylib; sourceTree = SDKROOT; };
		C0A590F01301AE2F005AF4BE /* CJSONDeserializer.h */ = {isa = PBXFileReference; fileEncoding = 4; lastKnownFileType = sourcecode.c.h; name = CJSONDeserializer.h; path = "TouchCode-TouchJSON-8dd264d/Source/JSON/CJSONDeserializer.h"; sourceTree = "<group>"; };
		C0D28F8213057E0C000E1325 /* LICENSE */ = {isa = PBXFileReference; fileEncoding = 4; lastKnownFileType = text; path = LICENSE; sourceTree = "<group>"; };
/* End PBXFileReference section */

/* Begin PBXFrameworksBuildPhase section */
		8D11072E0486CEB800E47090 /* Frameworks */ = {
			isa = PBXFrameworksBuildPhase;
			buildActionMask = 2147483647;
			files = (
				8D11072F0486CEB800E47090 /* Cocoa.framework in Frameworks */,
				C0A58F7713019518005AF4BE /* libASIHTTPRequest-Mac.a in Frameworks */,
				C0A58FFA130197B6005AF4BE /* libTouchJSON-Mac.a in Frameworks */,
				C0A5902A13019E85005AF4BE /* SystemConfiguration.framework in Frameworks */,
				C0A5902C13019E85005AF4BE /* libz.dylib in Frameworks */,
			);
			runOnlyForDeploymentPostprocessing = 0;
		};
/* End PBXFrameworksBuildPhase section */

/* Begin PBXGroup section */
		080E96DDFE201D6D7F000001 /* Classes */ = {
			isa = PBXGroup;
			children = (
				256AC3D80F4B6AC300CF3369 /* GoogleReaderAPITestAppDelegate.h */,
				256AC3D90F4B6AC300CF3369 /* GoogleReaderAPITestAppDelegate.m */,
			);
			name = Classes;
			sourceTree = "<group>";
		};
		1058C7A0FEA54F0111CA2CBB /* Linked Frameworks */ = {
			isa = PBXGroup;
			children = (
				1058C7A1FEA54F0111CA2CBB /* Cocoa.framework */,
			);
			name = "Linked Frameworks";
			sourceTree = "<group>";
		};
		1058C7A2FEA54F0111CA2CBB /* Other Frameworks */ = {
			isa = PBXGroup;
			children = (
				29B97324FDCFA39411CA2CEA /* AppKit.framework */,
				13E42FB307B3F0F600E4EEF1 /* CoreData.framework */,
				29B97325FDCFA39411CA2CEA /* Foundation.framework */,
			);
			name = "Other Frameworks";
			sourceTree = "<group>";
		};
		19C28FACFE9D520D11CA2CBB /* Products */ = {
			isa = PBXGroup;
			children = (
				8D1107320486CEB800E47090 /* GoogleReaderAPITest.app */,
			);
			name = Products;
			sourceTree = "<group>";
		};
		29B97314FDCFA39411CA2CEA /* GoogleReaderAPITest */ = {
			isa = PBXGroup;
			children = (
				C0A5900E13019970005AF4BE /* GoogleReaderAPI */,
				C0A58F65130194FD005AF4BE /* External */,
				C0A58DAF13019083005AF4BE /* Shared */,
				080E96DDFE201D6D7F000001 /* Classes */,
				29B97315FDCFA39411CA2CEA /* Other Sources */,
				29B97317FDCFA39411CA2CEA /* Resources */,
				29B97323FDCFA39411CA2CEA /* Frameworks */,
				19C28FACFE9D520D11CA2CBB /* Products */,
			);
			name = GoogleReaderAPITest;
			sourceTree = "<group>";
		};
		29B97315FDCFA39411CA2CEA /* Other Sources */ = {
			isa = PBXGroup;
			children = (
				256AC3F00F4B6AF500CF3369 /* GoogleReaderAPITest_Prefix.pch */,
				29B97316FDCFA39411CA2CEA /* main.m */,
			);
			name = "Other Sources";
			sourceTree = "<group>";
		};
		29B97317FDCFA39411CA2CEA /* Resources */ = {
			isa = PBXGroup;
			children = (
				C0D28F8213057E0C000E1325 /* LICENSE */,
				8D1107310486CEB800E47090 /* GoogleReaderAPITest-Info.plist */,
				089C165CFE840E0CC02AAC07 /* InfoPlist.strings */,
				1DDD58140DA1D0A300B32029 /* MainMenu.xib */,
			);
			name = Resources;
			sourceTree = "<group>";
		};
		29B97323FDCFA39411CA2CEA /* Frameworks */ = {
			isa = PBXGroup;
			children = (
				1058C7A0FEA54F0111CA2CBB /* Linked Frameworks */,
				1058C7A2FEA54F0111CA2CBB /* Other Frameworks */,
				C0A5902913019E85005AF4BE /* SystemConfiguration.framework */,
				C0A5902B13019E85005AF4BE /* libz.dylib */,
			);
			name = Frameworks;
			sourceTree = "<group>";
		};
		C0A58DAF13019083005AF4BE /* Shared */ = {
			isa = PBXGroup;
			children = (
				C0A58DBC13019108005AF4BE /* BSErrors.m */,
				C0A58DBD13019108005AF4BE /* BSErrors.h */,
				C0A58DB013019083005AF4BE /* Services */,
			);
			path = Shared;
			sourceTree = "<group>";
		};
		C0A58DB013019083005AF4BE /* Services */ = {
			isa = PBXGroup;
			children = (
				C0A58DB113019083005AF4BE /* BSCallbackOperation.h */,
				C0A58DB213019083005AF4BE /* BSCallbackOperation.m */,
				C0A58DB313019083005AF4BE /* BSOperation.h */,
				C0A58DB413019083005AF4BE /* BSOperation.m */,
				C0A58DB513019083005AF4BE /* FoundationAdditionsMacros.h */,
			);
			path = Services;
			sourceTree = "<group>";
		};
		C0A58F65130194FD005AF4BE /* External */ = {
			isa = PBXGroup;
			children = (
				C0A58F9513019663005AF4BE /* TouchJSON */,
				C0A58F66130194FD005AF4BE /* ASIHTTPRequest */,
			);
			path = External;
			sourceTree = "<group>";
		};
		C0A58F66130194FD005AF4BE /* ASIHTTPRequest */ = {
			isa = PBXGroup;
			children = (
				C0A5902613019E1D005AF4BE /* ASIFormDataRequest.h */,
				C0A5901B13019BF9005AF4BE /* ASIHTTPRequest.h */,
				C0A58F6713019513005AF4BE /* Mac.xcodeproj */,
			);
			path = ASIHTTPRequest;
			sourceTree = "<group>";
		};
		C0A58F6813019513005AF4BE /* Products */ = {
			isa = PBXGroup;
			children = (
				C0A58F7213019513005AF4BE /* Mac.app */,
				C0A58F7413019513005AF4BE /* Unit Tests (GHUnit).app */,
				C0A58F7613019513005AF4BE /* libASIHTTPRequest-Mac.a */,
			);
			name = Products;
			sourceTree = "<group>";
		};
		C0A58F9513019663005AF4BE /* TouchJSON */ = {
			isa = PBXGroup;
			children = (
				C0A590F01301AE2F005AF4BE /* CJSONDeserializer.h */,
				C0A58FD81301971A005AF4BE /* TouchJSON.xcodeproj */,
			);
			path = TouchJSON;
			sourceTree = "<group>";
		};
		C0A58FD91301971A005AF4BE /* Products */ = {
			isa = PBXGroup;
			children = (
				C0A58FE31301971A005AF4BE /* UnitTests.octest */,
				C0A58FE51301971A005AF4BE /* CocoaJSON Demo */,
				C0A58FE71301971A005AF4BE /* libTouchJSON-Mac.a */,
			);
			name = Products;
			sourceTree = "<group>";
		};
		C0A5900E13019970005AF4BE /* GoogleReaderAPI */ = {
			isa = PBXGroup;
			children = (
				C0A5900F13019983005AF4BE /* BSGoogleReaderListSubscriptionsOperation.h */,
				C0A5901013019983005AF4BE /* BSGoogleReaderListSubscriptionsOperation.m */,
			);
			path = GoogleReaderAPI;
			sourceTree = "<group>";
		};
/* End PBXGroup section */

/* Begin PBXNativeTarget section */
		8D1107260486CEB800E47090 /* GoogleReaderAPITest */ = {
			isa = PBXNativeTarget;
			buildConfigurationList = C01FCF4A08A954540054247B /* Build configuration list for PBXNativeTarget "GoogleReaderAPITest" */;
			buildPhases = (
				8D1107290486CEB800E47090 /* Resources */,
				8D11072C0486CEB800E47090 /* Sources */,
				8D11072E0486CEB800E47090 /* Frameworks */,
			);
			buildRules = (
			);
			dependencies = (
				C0A58F7B1301952C005AF4BE /* PBXTargetDependency */,
				C0A58FFC130197BD005AF4BE /* PBXTargetDependency */,
			);
			name = GoogleReaderAPITest;
			productInstallPath = "$(HOME)/Applications";
			productName = GoogleReaderAPITest;
			productReference = 8D1107320486CEB800E47090 /* GoogleReaderAPITest.app */;
			productType = "com.apple.product-type.application";
		};
/* End PBXNativeTarget section */

/* Begin PBXProject section */
		29B97313FDCFA39411CA2CEA /* Project object */ = {
			isa = PBXProject;
			attributes = {
				BuildIndependentTargetsInParallel = YES;
			};
			buildConfigurationList = C01FCF4E08A954540054247B /* Build configuration list for PBXProject "GoogleReaderAPITest" */;
			compatibilityVersion = "Xcode 3.1";
			developmentRegion = English;
			hasScannedForEncodings = 1;
			knownRegions = (
				English,
				Japanese,
				French,
				German,
			);
			mainGroup = 29B97314FDCFA39411CA2CEA /* GoogleReaderAPITest */;
			projectDirPath = "";
			projectReferences = (
				{
					ProductGroup = C0A58F6813019513005AF4BE /* Products */;
					ProjectRef = C0A58F6713019513005AF4BE /* Mac.xcodeproj */;
				},
				{
					ProductGroup = C0A58FD91301971A005AF4BE /* Products */;
					ProjectRef = C0A58FD81301971A005AF4BE /* TouchJSON.xcodeproj */;
				},
			);
			projectRoot = "";
			targets = (
				8D1107260486CEB800E47090 /* GoogleReaderAPITest */,
			);
		};
/* End PBXProject section */

/* Begin PBXReferenceProxy section */
		C0A58F7213019513005AF4BE /* Mac.app */ = {
			isa = PBXReferenceProxy;
			fileType = wrapper.application;
			path = Mac.app;
			remoteRef = C0A58F7113019513005AF4BE /* PBXContainerItemProxy */;
			sourceTree = BUILT_PRODUCTS_DIR;
		};
		C0A58F7413019513005AF4BE /* Unit Tests (GHUnit).app */ = {
			isa = PBXReferenceProxy;
			fileType = wrapper.application;
			path = "Unit Tests (GHUnit).app";
			remoteRef = C0A58F7313019513005AF4BE /* PBXContainerItemProxy */;
			sourceTree = BUILT_PRODUCTS_DIR;
		};
		C0A58F7613019513005AF4BE /* libASIHTTPRequest-Mac.a */ = {
			isa = PBXReferenceProxy;
			fileType = archive.ar;
			path = "libASIHTTPRequest-Mac.a";
			remoteRef = C0A58F7513019513005AF4BE /* PBXContainerItemProxy */;
			sourceTree = BUILT_PRODUCTS_DIR;
		};
		C0A58FE31301971A005AF4BE /* UnitTests.octest */ = {
			isa = PBXReferenceProxy;
			fileType = wrapper.cfbundle;
			path = UnitTests.octest;
			remoteRef = C0A58FE21301971A005AF4BE /* PBXContainerItemProxy */;
			sourceTree = BUILT_PRODUCTS_DIR;
		};
		C0A58FE51301971A005AF4BE /* CocoaJSON Demo */ = {
			isa = PBXReferenceProxy;
			fileType = "compiled.mach-o.executable";
			path = "CocoaJSON Demo";
			remoteRef = C0A58FE41301971A005AF4BE /* PBXContainerItemProxy */;
			sourceTree = BUILT_PRODUCTS_DIR;
		};
		C0A58FE71301971A005AF4BE /* libTouchJSON-Mac.a */ = {
			isa = PBXReferenceProxy;
			fileType = archive.ar;
			path = "libTouchJSON-Mac.a";
			remoteRef = C0A58FE61301971A005AF4BE /* PBXContainerItemProxy */;
			sourceTree = BUILT_PRODUCTS_DIR;
		};
/* End PBXReferenceProxy section */

/* Begin PBXResourcesBuildPhase section */
		8D1107290486CEB800E47090 /* Resources */ = {
			isa = PBXResourcesBuildPhase;
			buildActionMask = 2147483647;
			files = (
				8D11072B0486CEB800E47090 /* InfoPlist.strings in Resources */,
				1DDD58160DA1D0A300B32029 /* MainMenu.xib in Resources */,
			);
			runOnlyForDeploymentPostprocessing = 0;
		};
/* End PBXResourcesBuildPhase section */

/* Begin PBXSourcesBuildPhase section */
		8D11072C0486CEB800E47090 /* Sources */ = {
			isa = PBXSourcesBuildPhase;
			buildActionMask = 2147483647;
			files = (
				8D11072D0486CEB800E47090 /* main.m in Sources */,
				256AC3DA0F4B6AC300CF3369 /* GoogleReaderAPITestAppDelegate.m in Sources */,
				C0A58DB613019083005AF4BE /* BSCallbackOperation.m in Sources */,
				C0A58DB713019083005AF4BE /* BSOperation.m in Sources */,
				C0A58DBE13019108005AF4BE /* BSErrors.m in Sources */,
				C0A5901113019983005AF4BE /* BSGoogleReaderListSubscriptionsOperation.m in Sources */,
			);
			runOnlyForDeploymentPostprocessing = 0;
		};
/* End PBXSourcesBuildPhase section */

/* Begin PBXTargetDependency section */
		C0A58F7B1301952C005AF4BE /* PBXTargetDependency */ = {
			isa = PBXTargetDependency;
			name = "ASIHTTPRequest-Mac";
			targetProxy = C0A58F7A1301952C005AF4BE /* PBXContainerItemProxy */;
		};
		C0A58FFC130197BD005AF4BE /* PBXTargetDependency */ = {
			isa = PBXTargetDependency;
			name = "TouchJSON-Mac";
			targetProxy = C0A58FFB130197BD005AF4BE /* PBXContainerItemProxy */;
		};
/* End PBXTargetDependency section */

/* Begin PBXVariantGroup section */
		089C165CFE840E0CC02AAC07 /* InfoPlist.strings */ = {
			isa = PBXVariantGroup;
			children = (
				089C165DFE840E0CC02AAC07 /* English */,
			);
			name = InfoPlist.strings;
			sourceTree = "<group>";
		};
		1DDD58140DA1D0A300B32029 /* MainMenu.xib */ = {
			isa = PBXVariantGroup;
			children = (
				1DDD58150DA1D0A300B32029 /* English */,
			);
			name = MainMenu.xib;
			sourceTree = "<group>";
		};
/* End PBXVariantGroup section */

/* Begin XCBuildConfiguration section */
		C01FCF4B08A954540054247B /* Debug */ = {
			isa = XCBuildConfiguration;
			buildSettings = {
				ALWAYS_SEARCH_USER_PATHS = NO;
				COPY_PHASE_STRIP = NO;
				GCC_DYNAMIC_NO_PIC = NO;
				GCC_ENABLE_FIX_AND_CONTINUE = YES;
				GCC_MODEL_TUNING = G5;
				GCC_OPTIMIZATION_LEVEL = 0;
				GCC_PRECOMPILE_PREFIX_HEADER = YES;
				GCC_PREFIX_HEADER = GoogleReaderAPITest_Prefix.pch;
				INFOPLIST_FILE = "GoogleReaderAPITest-Info.plist";
				INSTALL_PATH = "$(HOME)/Applications";
				PRODUCT_NAME = GoogleReaderAPITest;
			};
			name = Debug;
		};
		C01FCF4C08A954540054247B /* Release */ = {
			isa = XCBuildConfiguration;
			buildSettings = {
				ALWAYS_SEARCH_USER_PATHS = NO;
				DEBUG_INFORMATION_FORMAT = "dwarf-with-dsym";
				GCC_MODEL_TUNING = G5;
				GCC_PRECOMPILE_PREFIX_HEADER = YES;
				GCC_PREFIX_HEADER = GoogleReaderAPITest_Prefix.pch;
				INFOPLIST_FILE = "GoogleReaderAPITest-Info.plist";
				INSTALL_PATH = "$(HOME)/Applications";
				PRODUCT_NAME = GoogleReaderAPITest;
			};
			name = Release;
		};
		C01FCF4F08A954540054247B /* Debug */ = {
			isa = XCBuildConfiguration;
			buildSettings = {
				ARCHS = "$(ARCHS_STANDARD_32_64_BIT)";
				GCC_C_LANGUAGE_STANDARD = gnu99;
				GCC_OPTIMIZATION_LEVEL = 0;
				GCC_WARN_ABOUT_RETURN_TYPE = YES;
				GCC_WARN_UNUSED_VARIABLE = YES;
				ONLY_ACTIVE_ARCH = YES;
				PREBINDING = NO;
				SDKROOT = macosx10.6;
			};
			name = Debug;
		};
		C01FCF5008A954540054247B /* Release */ = {
			isa = XCBuildConfiguration;
			buildSettings = {
				ARCHS = "$(ARCHS_STANDARD_32_64_BIT)";
				GCC_C_LANGUAGE_STANDARD = gnu99;
				GCC_WARN_ABOUT_RETURN_TYPE = YES;
				GCC_WARN_UNUSED_VARIABLE = YES;
				PREBINDING = NO;
				SDKROOT = macosx10.6;
			};
			name = Release;
		};
/* End XCBuildConfiguration section */

/* Begin XCConfigurationList section */
		C01FCF4A08A954540054247B /* Build configuration list for PBXNativeTarget "GoogleReaderAPITest" */ = {
			isa = XCConfigurationList;
			buildConfigurations = (
				C01FCF4B08A954540054247B /* Debug */,
				C01FCF4C08A954540054247B /* Release */,
			);
			defaultConfigurationIsVisible = 0;
			defaultConfigurationName = Release;
		};
		C01FCF4E08A954540054247B /* Build configuration list for PBXProject "GoogleReaderAPITest" */ = {
			isa = XCConfigurationList;
			buildConfigurations = (
				C01FCF4F08A954540054247B /* Debug */,
				C01FCF5008A954540054247B /* Release */,
			);
			defaultConfigurationIsVisible = 0;
			defaultConfigurationName = Release;
		};
/* End XCConfigurationList section */
	};
	rootObject = 29B97313FDCFA39411CA2CEA /* Project object */;
}
